// !$*UTF8*$!
{
	archiveVersion = 1;
	classes = {
	};
	objectVersion = 56;
	objects = {

/* Begin PBXBuildFile section */
		63371C082A12147B000CA117 /* WorldOfPaybackApp.swift in Sources */ = {isa = PBXBuildFile; fileRef = 63371C072A12147B000CA117 /* WorldOfPaybackApp.swift */; };
		63371C0A2A12147B000CA117 /* ContentView.swift in Sources */ = {isa = PBXBuildFile; fileRef = 63371C092A12147B000CA117 /* ContentView.swift */; };
		63371C0C2A12147C000CA117 /* Assets.xcassets in Resources */ = {isa = PBXBuildFile; fileRef = 63371C0B2A12147C000CA117 /* Assets.xcassets */; };
		63371C0F2A12147C000CA117 /* Preview Assets.xcassets in Resources */ = {isa = PBXBuildFile; fileRef = 63371C0E2A12147C000CA117 /* Preview Assets.xcassets */; };
		63371C172A1214EB000CA117 /* Transaction.swift in Sources */ = {isa = PBXBuildFile; fileRef = 63371C162A1214EB000CA117 /* Transaction.swift */; };
		63371C192A12151D000CA117 /* PBTransactions.json in Resources */ = {isa = PBXBuildFile; fileRef = 63371C182A12151D000CA117 /* PBTransactions.json */; };
		63371C1C2A121DF9000CA117 /* TransactionResponse.swift in Sources */ = {isa = PBXBuildFile; fileRef = 63371C1B2A121DF9000CA117 /* TransactionResponse.swift */; };
		63371C242A121EFC000CA117 /* WorldOfPaybackTests.swift in Sources */ = {isa = PBXBuildFile; fileRef = 63371C232A121EFC000CA117 /* WorldOfPaybackTests.swift */; };
		63371C2C2A121FB0000CA117 /* Nimble in Frameworks */ = {isa = PBXBuildFile; productRef = 63371C2B2A121FB0000CA117 /* Nimble */; };
/* End PBXBuildFile section */

/* Begin PBXContainerItemProxy section */
		63371C252A121EFC000CA117 /* PBXContainerItemProxy */ = {
			isa = PBXContainerItemProxy;
			containerPortal = 63371BFC2A12147B000CA117 /* Project object */;
			proxyType = 1;
			remoteGlobalIDString = 63371C032A12147B000CA117;
			remoteInfo = WorldOfPayback;
		};
/* End PBXContainerItemProxy section */

/* Begin PBXFileReference section */
		63371C042A12147B000CA117 /* WorldOfPayback.app */ = {isa = PBXFileReference; explicitFileType = wrapper.application; includeInIndex = 0; path = WorldOfPayback.app; sourceTree = BUILT_PRODUCTS_DIR; };
		63371C072A12147B000CA117 /* WorldOfPaybackApp.swift */ = {isa = PBXFileReference; lastKnownFileType = sourcecode.swift; path = WorldOfPaybackApp.swift; sourceTree = "<group>"; };
		63371C092A12147B000CA117 /* ContentView.swift */ = {isa = PBXFileReference; lastKnownFileType = sourcecode.swift; path = ContentView.swift; sourceTree = "<group>"; };
		63371C0B2A12147C000CA117 /* Assets.xcassets */ = {isa = PBXFileReference; lastKnownFileType = folder.assetcatalog; path = Assets.xcassets; sourceTree = "<group>"; };
		63371C0E2A12147C000CA117 /* Preview Assets.xcassets */ = {isa = PBXFileReference; lastKnownFileType = folder.assetcatalog; path = "Preview Assets.xcassets"; sourceTree = "<group>"; };
		63371C162A1214EB000CA117 /* Transaction.swift */ = {isa = PBXFileReference; lastKnownFileType = sourcecode.swift; path = Transaction.swift; sourceTree = "<group>"; };
		63371C182A12151D000CA117 /* PBTransactions.json */ = {isa = PBXFileReference; fileEncoding = 4; lastKnownFileType = text.json; path = PBTransactions.json; sourceTree = "<group>"; };
		63371C1B2A121DF9000CA117 /* TransactionResponse.swift */ = {isa = PBXFileReference; lastKnownFileType = sourcecode.swift; path = TransactionResponse.swift; sourceTree = "<group>"; };
		63371C212A121EFC000CA117 /* WorldOfPaybackTests.xctest */ = {isa = PBXFileReference; explicitFileType = wrapper.cfbundle; includeInIndex = 0; path = WorldOfPaybackTests.xctest; sourceTree = BUILT_PRODUCTS_DIR; };
		63371C232A121EFC000CA117 /* WorldOfPaybackTests.swift */ = {isa = PBXFileReference; lastKnownFileType = sourcecode.swift; path = WorldOfPaybackTests.swift; sourceTree = "<group>"; };
/* End PBXFileReference section */

/* Begin PBXFrameworksBuildPhase section */
		63371C012A12147B000CA117 /* Frameworks */ = {
			isa = PBXFrameworksBuildPhase;
			buildActionMask = 2147483647;
			files = (
				63371C2C2A121FB0000CA117 /* Nimble in Frameworks */,
			);
			runOnlyForDeploymentPostprocessing = 0;
		};
		63371C1E2A121EFC000CA117 /* Frameworks */ = {
			isa = PBXFrameworksBuildPhase;
			buildActionMask = 2147483647;
			files = (
			);
			runOnlyForDeploymentPostprocessing = 0;
		};
/* End PBXFrameworksBuildPhase section */

/* Begin PBXGroup section */
		63371BFB2A12147B000CA117 = {
			isa = PBXGroup;
			children = (
				63371C062A12147B000CA117 /* WorldOfPayback */,
				63371C222A121EFC000CA117 /* WorldOfPaybackTests */,
				63371C052A12147B000CA117 /* Products */,
			);
			sourceTree = "<group>";
		};
		63371C052A12147B000CA117 /* Products */ = {
			isa = PBXGroup;
			children = (
				63371C042A12147B000CA117 /* WorldOfPayback.app */,
				63371C212A121EFC000CA117 /* WorldOfPaybackTests.xctest */,
			);
			name = Products;
			sourceTree = "<group>";
		};
		63371C062A12147B000CA117 /* WorldOfPayback */ = {
			isa = PBXGroup;
			children = (
				63371C1A2A121DEC000CA117 /* API */,
				63371C152A1214D2000CA117 /* Model */,
				63371C072A12147B000CA117 /* WorldOfPaybackApp.swift */,
				63371C092A12147B000CA117 /* ContentView.swift */,
				63371C0B2A12147C000CA117 /* Assets.xcassets */,
				63371C182A12151D000CA117 /* PBTransactions.json */,
				63371C0D2A12147C000CA117 /* Preview Content */,
			);
			path = WorldOfPayback;
			sourceTree = "<group>";
		};
		63371C0D2A12147C000CA117 /* Preview Content */ = {
			isa = PBXGroup;
			children = (
				63371C0E2A12147C000CA117 /* Preview Assets.xcassets */,
			);
			path = "Preview Content";
			sourceTree = "<group>";
		};
		63371C152A1214D2000CA117 /* Model */ = {
			isa = PBXGroup;
			children = (
				63371C162A1214EB000CA117 /* Transaction.swift */,
			);
			path = Model;
			sourceTree = "<group>";
		};
		63371C1A2A121DEC000CA117 /* API */ = {
			isa = PBXGroup;
			children = (
				63371C1B2A121DF9000CA117 /* TransactionResponse.swift */,
			);
			path = API;
			sourceTree = "<group>";
		};
		63371C222A121EFC000CA117 /* WorldOfPaybackTests */ = {
			isa = PBXGroup;
			children = (
				63371C232A121EFC000CA117 /* WorldOfPaybackTests.swift */,
			);
			path = WorldOfPaybackTests;
			sourceTree = "<group>";
		};
/* End PBXGroup section */

/* Begin PBXNativeTarget section */
		63371C032A12147B000CA117 /* WorldOfPayback */ = {
			isa = PBXNativeTarget;
			buildConfigurationList = 63371C122A12147C000CA117 /* Build configuration list for PBXNativeTarget "WorldOfPayback" */;
			buildPhases = (
				63371C002A12147B000CA117 /* Sources */,
				63371C012A12147B000CA117 /* Frameworks */,
				63371C022A12147B000CA117 /* Resources */,
			);
			buildRules = (
			);
			dependencies = (
			);
			name = WorldOfPayback;
			packageProductDependencies = (
				63371C2B2A121FB0000CA117 /* Nimble */,
			);
			productName = WorldOfPayback;
			productReference = 63371C042A12147B000CA117 /* WorldOfPayback.app */;
			productType = "com.apple.product-type.application";
		};
		63371C202A121EFC000CA117 /* WorldOfPaybackTests */ = {
			isa = PBXNativeTarget;
			buildConfigurationList = 63371C272A121EFC000CA117 /* Build configuration list for PBXNativeTarget "WorldOfPaybackTests" */;
			buildPhases = (
				63371C1D2A121EFC000CA117 /* Sources */,
				63371C1E2A121EFC000CA117 /* Frameworks */,
				63371C1F2A121EFC000CA117 /* Resources */,
			);
			buildRules = (
			);
			dependencies = (
				63371C262A121EFC000CA117 /* PBXTargetDependency */,
			);
			name = WorldOfPaybackTests;
			productName = WorldOfPaybackTests;
			productReference = 63371C212A121EFC000CA117 /* WorldOfPaybackTests.xctest */;
			productType = "com.apple.product-type.bundle.unit-test";
		};
/* End PBXNativeTarget section */

/* Begin PBXProject section */
		63371BFC2A12147B000CA117 /* Project object */ = {
			isa = PBXProject;
			attributes = {
				BuildIndependentTargetsInParallel = 1;
				LastSwiftUpdateCheck = 1430;
				LastUpgradeCheck = 1430;
				TargetAttributes = {
					63371C032A12147B000CA117 = {
						CreatedOnToolsVersion = 14.3;
					};
					63371C202A121EFC000CA117 = {
						CreatedOnToolsVersion = 14.3;
						TestTargetID = 63371C032A12147B000CA117;
					};
				};
			};
			buildConfigurationList = 63371BFF2A12147B000CA117 /* Build configuration list for PBXProject "WorldOfPayback" */;
			compatibilityVersion = "Xcode 14.0";
			developmentRegion = en;
			hasScannedForEncodings = 0;
			knownRegions = (
				en,
				Base,
			);
			mainGroup = 63371BFB2A12147B000CA117;
			packageReferences = (
				63371C2A2A121FB0000CA117 /* XCRemoteSwiftPackageReference "Nimble" */,
			);
			productRefGroup = 63371C052A12147B000CA117 /* Products */;
			projectDirPath = "";
			projectRoot = "";
			targets = (
				63371C032A12147B000CA117 /* WorldOfPayback */,
				63371C202A121EFC000CA117 /* WorldOfPaybackTests */,
			);
		};
/* End PBXProject section */

/* Begin PBXResourcesBuildPhase section */
		63371C022A12147B000CA117 /* Resources */ = {
			isa = PBXResourcesBuildPhase;
			buildActionMask = 2147483647;
			files = (
				63371C0F2A12147C000CA117 /* Preview Assets.xcassets in Resources */,
				63371C192A12151D000CA117 /* PBTransactions.json in Resources */,
				63371C0C2A12147C000CA117 /* Assets.xcassets in Resources */,
			);
			runOnlyForDeploymentPostprocessing = 0;
		};
		63371C1F2A121EFC000CA117 /* Resources */ = {
			isa = PBXResourcesBuildPhase;
			buildActionMask = 2147483647;
			files = (
			);
			runOnlyForDeploymentPostprocessing = 0;
		};
/* End PBXResourcesBuildPhase section */

/* Begin PBXSourcesBuildPhase section */
		63371C002A12147B000CA117 /* Sources */ = {
			isa = PBXSourcesBuildPhase;
			buildActionMask = 2147483647;
			files = (
				63371C0A2A12147B000CA117 /* ContentView.swift in Sources */,
				63371C1C2A121DF9000CA117 /* TransactionResponse.swift in Sources */,
				63371C082A12147B000CA117 /* WorldOfPaybackApp.swift in Sources */,
				63371C172A1214EB000CA117 /* Transaction.swift in Sources */,
			);
			runOnlyForDeploymentPostprocessing = 0;
		};
		63371C1D2A121EFC000CA117 /* Sources */ = {
			isa = PBXSourcesBuildPhase;
			buildActionMask = 2147483647;
			files = (
				63371C242A121EFC000CA117 /* WorldOfPaybackTests.swift in Sources */,
			);
			runOnlyForDeploymentPostprocessing = 0;
		};
/* End PBXSourcesBuildPhase section */

/* Begin PBXTargetDependency section */
		63371C262A121EFC000CA117 /* PBXTargetDependency */ = {
			isa = PBXTargetDependency;
			target = 63371C032A12147B000CA117 /* WorldOfPayback */;
			targetProxy = 63371C252A121EFC000CA117 /* PBXContainerItemProxy */;
		};
/* End PBXTargetDependency section */

/* Begin XCBuildConfiguration section */
		63371C102A12147C000CA117 /* Debug */ = {
			isa = XCBuildConfiguration;
			buildSettings = {
				ALWAYS_SEARCH_USER_PATHS = NO;
				CLANG_ANALYZER_NONNULL = YES;
				CLANG_ANALYZER_NUMBER_OBJECT_CONVERSION = YES_AGGRESSIVE;
				CLANG_CXX_LANGUAGE_STANDARD = "gnu++20";
				CLANG_ENABLE_MODULES = YES;
				CLANG_ENABLE_OBJC_ARC = YES;
				CLANG_ENABLE_OBJC_WEAK = YES;
				CLANG_WARN_BLOCK_CAPTURE_AUTORELEASING = YES;
				CLANG_WARN_BOOL_CONVERSION = YES;
				CLANG_WARN_COMMA = YES;
				CLANG_WARN_CONSTANT_CONVERSION = YES;
				CLANG_WARN_DEPRECATED_OBJC_IMPLEMENTATIONS = YES;
				CLANG_WARN_DIRECT_OBJC_ISA_USAGE = YES_ERROR;
				CLANG_WARN_DOCUMENTATION_COMMENTS = YES;
				CLANG_WARN_EMPTY_BODY = YES;
				CLANG_WARN_ENUM_CONVERSION = YES;
				CLANG_WARN_INFINITE_RECURSION = YES;
				CLANG_WARN_INT_CONVERSION = YES;
				CLANG_WARN_NON_LITERAL_NULL_CONVERSION = YES;
				CLANG_WARN_OBJC_IMPLICIT_RETAIN_SELF = YES;
				CLANG_WARN_OBJC_LITERAL_CONVERSION = YES;
				CLANG_WARN_OBJC_ROOT_CLASS = YES_ERROR;
				CLANG_WARN_QUOTED_INCLUDE_IN_FRAMEWORK_HEADER = YES;
				CLANG_WARN_RANGE_LOOP_ANALYSIS = YES;
				CLANG_WARN_STRICT_PROTOTYPES = YES;
				CLANG_WARN_SUSPICIOUS_MOVE = YES;
				CLANG_WARN_UNGUARDED_AVAILABILITY = YES_AGGRESSIVE;
				CLANG_WARN_UNREACHABLE_CODE = YES;
				CLANG_WARN__DUPLICATE_METHOD_MATCH = YES;
				COPY_PHASE_STRIP = NO;
				DEBUG_INFORMATION_FORMAT = dwarf;
				ENABLE_STRICT_OBJC_MSGSEND = YES;
				ENABLE_TESTABILITY = YES;
				GCC_C_LANGUAGE_STANDARD = gnu11;
				GCC_DYNAMIC_NO_PIC = NO;
				GCC_NO_COMMON_BLOCKS = YES;
				GCC_OPTIMIZATION_LEVEL = 0;
				GCC_PREPROCESSOR_DEFINITIONS = (
					"DEBUG=1",
					"$(inherited)",
				);
				GCC_WARN_64_TO_32_BIT_CONVERSION = YES;
				GCC_WARN_ABOUT_RETURN_TYPE = YES_ERROR;
				GCC_WARN_UNDECLARED_SELECTOR = YES;
				GCC_WARN_UNINITIALIZED_AUTOS = YES_AGGRESSIVE;
				GCC_WARN_UNUSED_FUNCTION = YES;
				GCC_WARN_UNUSED_VARIABLE = YES;
				IPHONEOS_DEPLOYMENT_TARGET = 16.4;
				MTL_ENABLE_DEBUG_INFO = INCLUDE_SOURCE;
				MTL_FAST_MATH = YES;
				ONLY_ACTIVE_ARCH = YES;
				SDKROOT = iphoneos;
				SWIFT_ACTIVE_COMPILATION_CONDITIONS = DEBUG;
				SWIFT_OPTIMIZATION_LEVEL = "-Onone";
			};
			name = Debug;
		};
		63371C112A12147C000CA117 /* Release */ = {
			isa = XCBuildConfiguration;
			buildSettings = {
				ALWAYS_SEARCH_USER_PATHS = NO;
				CLANG_ANALYZER_NONNULL = YES;
				CLANG_ANALYZER_NUMBER_OBJECT_CONVERSION = YES_AGGRESSIVE;
				CLANG_CXX_LANGUAGE_STANDARD = "gnu++20";
				CLANG_ENABLE_MODULES = YES;
				CLANG_ENABLE_OBJC_ARC = YES;
				CLANG_ENABLE_OBJC_WEAK = YES;
				CLANG_WARN_BLOCK_CAPTURE_AUTORELEASING = YES;
				CLANG_WARN_BOOL_CONVERSION = YES;
				CLANG_WARN_COMMA = YES;
				CLANG_WARN_CONSTANT_CONVERSION = YES;
				CLANG_WARN_DEPRECATED_OBJC_IMPLEMENTATIONS = YES;
				CLANG_WARN_DIRECT_OBJC_ISA_USAGE = YES_ERROR;
				CLANG_WARN_DOCUMENTATION_COMMENTS = YES;
				CLANG_WARN_EMPTY_BODY = YES;
				CLANG_WARN_ENUM_CONVERSION = YES;
				CLANG_WARN_INFINITE_RECURSION = YES;
				CLANG_WARN_INT_CONVERSION = YES;
				CLANG_WARN_NON_LITERAL_NULL_CONVERSION = YES;
				CLANG_WARN_OBJC_IMPLICIT_RETAIN_SELF = YES;
				CLANG_WARN_OBJC_LITERAL_CONVERSION = YES;
				CLANG_WARN_OBJC_ROOT_CLASS = YES_ERROR;
				CLANG_WARN_QUOTED_INCLUDE_IN_FRAMEWORK_HEADER = YES;
				CLANG_WARN_RANGE_LOOP_ANALYSIS = YES;
				CLANG_WARN_STRICT_PROTOTYPES = YES;
				CLANG_WARN_SUSPICIOUS_MOVE = YES;
				CLANG_WARN_UNGUARDED_AVAILABILITY = YES_AGGRESSIVE;
				CLANG_WARN_UNREACHABLE_CODE = YES;
				CLANG_WARN__DUPLICATE_METHOD_MATCH = YES;
				COPY_PHASE_STRIP = NO;
				DEBUG_INFORMATION_FORMAT = "dwarf-with-dsym";
				ENABLE_NS_ASSERTIONS = NO;
				ENABLE_STRICT_OBJC_MSGSEND = YES;
				GCC_C_LANGUAGE_STANDARD = gnu11;
				GCC_NO_COMMON_BLOCKS = YES;
				GCC_WARN_64_TO_32_BIT_CONVERSION = YES;
				GCC_WARN_ABOUT_RETURN_TYPE = YES_ERROR;
				GCC_WARN_UNDECLARED_SELECTOR = YES;
				GCC_WARN_UNINITIALIZED_AUTOS = YES_AGGRESSIVE;
				GCC_WARN_UNUSED_FUNCTION = YES;
				GCC_WARN_UNUSED_VARIABLE = YES;
				IPHONEOS_DEPLOYMENT_TARGET = 16.4;
				MTL_ENABLE_DEBUG_INFO = NO;
				MTL_FAST_MATH = YES;
				SDKROOT = iphoneos;
				SWIFT_COMPILATION_MODE = wholemodule;
				SWIFT_OPTIMIZATION_LEVEL = "-O";
				VALIDATE_PRODUCT = YES;
			};
			name = Release;
		};
		63371C132A12147C000CA117 /* Debug */ = {
			isa = XCBuildConfiguration;
			buildSettings = {
				ASSETCATALOG_COMPILER_APPICON_NAME = AppIcon;
				ASSETCATALOG_COMPILER_GLOBAL_ACCENT_COLOR_NAME = AccentColor;
				CODE_SIGN_STYLE = Automatic;
				CURRENT_PROJECT_VERSION = 1;
				DEVELOPMENT_ASSET_PATHS = "\"WorldOfPayback/Preview Content\"";
				DEVELOPMENT_TEAM = DH95596PFS;
				ENABLE_PREVIEWS = YES;
				GENERATE_INFOPLIST_FILE = YES;
				INFOPLIST_KEY_UIApplicationSceneManifest_Generation = YES;
				INFOPLIST_KEY_UIApplicationSupportsIndirectInputEvents = YES;
				INFOPLIST_KEY_UILaunchScreen_Generation = YES;
				INFOPLIST_KEY_UISupportedInterfaceOrientations_iPad = "UIInterfaceOrientationPortrait UIInterfaceOrientationPortraitUpsideDown UIInterfaceOrientationLandscapeLeft UIInterfaceOrientationLandscapeRight";
				INFOPLIST_KEY_UISupportedInterfaceOrientations_iPhone = "UIInterfaceOrientationPortrait UIInterfaceOrientationLandscapeLeft UIInterfaceOrientationLandscapeRight";
				LD_RUNPATH_SEARCH_PATHS = (
					"$(inherited)",
					"@executable_path/Frameworks",
				);
				MARKETING_VERSION = 1.0;
				PRODUCT_BUNDLE_IDENTIFIER = com.pl.volli.WorldOfPayback;
				PRODUCT_NAME = "$(TARGET_NAME)";
				SWIFT_EMIT_LOC_STRINGS = YES;
				SWIFT_VERSION = 5.0;
				TARGETED_DEVICE_FAMILY = "1,2";
			};
			name = Debug;
		};
		63371C142A12147C000CA117 /* Release */ = {
			isa = XCBuildConfiguration;
			buildSettings = {
				ASSETCATALOG_COMPILER_APPICON_NAME = AppIcon;
				ASSETCATALOG_COMPILER_GLOBAL_ACCENT_COLOR_NAME = AccentColor;
				CODE_SIGN_STYLE = Automatic;
				CURRENT_PROJECT_VERSION = 1;
				DEVELOPMENT_ASSET_PATHS = "\"WorldOfPayback/Preview Content\"";
				DEVELOPMENT_TEAM = DH95596PFS;
				ENABLE_PREVIEWS = YES;
				GENERATE_INFOPLIST_FILE = YES;
				INFOPLIST_KEY_UIApplicationSceneManifest_Generation = YES;
				INFOPLIST_KEY_UIApplicationSupportsIndirectInputEvents = YES;
				INFOPLIST_KEY_UILaunchScreen_Generation = YES;
				INFOPLIST_KEY_UISupportedInterfaceOrientations_iPad = "UIInterfaceOrientationPortrait UIInterfaceOrientationPortraitUpsideDown UIInterfaceOrientationLandscapeLeft UIInterfaceOrientationLandscapeRight";
				INFOPLIST_KEY_UISupportedInterfaceOrientations_iPhone = "UIInterfaceOrientationPortrait UIInterfaceOrientationLandscapeLeft UIInterfaceOrientationLandscapeRight";
				LD_RUNPATH_SEARCH_PATHS = (
					"$(inherited)",
					"@executable_path/Frameworks",
				);
				MARKETING_VERSION = 1.0;
				PRODUCT_BUNDLE_IDENTIFIER = com.pl.volli.WorldOfPayback;
				PRODUCT_NAME = "$(TARGET_NAME)";
				SWIFT_EMIT_LOC_STRINGS = YES;
				SWIFT_VERSION = 5.0;
				TARGETED_DEVICE_FAMILY = "1,2";
			};
			name = Release;
		};
		63371C282A121EFC000CA117 /* Debug */ = {
			isa = XCBuildConfiguration;
			buildSettings = {
				BUNDLE_LOADER = "$(TEST_HOST)";
				CODE_SIGN_STYLE = Automatic;
				CURRENT_PROJECT_VERSION = 1;
				DEVELOPMENT_TEAM = DH95596PFS;
				GENERATE_INFOPLIST_FILE = YES;
				MARKETING_VERSION = 1.0;
				PRODUCT_BUNDLE_IDENTIFIER = com.pl.volli.WorldOfPaybackTests;
				PRODUCT_NAME = "$(TARGET_NAME)";
				SWIFT_EMIT_LOC_STRINGS = NO;
				SWIFT_VERSION = 5.0;
				TARGETED_DEVICE_FAMILY = "1,2";
				TEST_HOST = "$(BUILT_PRODUCTS_DIR)/WorldOfPayback.app/$(BUNDLE_EXECUTABLE_FOLDER_PATH)/WorldOfPayback";
			};
			name = Debug;
		};
		63371C292A121EFC000CA117 /* Release */ = {
			isa = XCBuildConfiguration;
			buildSettings = {
				BUNDLE_LOADER = "$(TEST_HOST)";
				CODE_SIGN_STYLE = Automatic;
				CURRENT_PROJECT_VERSION = 1;
				DEVELOPMENT_TEAM = DH95596PFS;
				GENERATE_INFOPLIST_FILE = YES;
				MARKETING_VERSION = 1.0;
				PRODUCT_BUNDLE_IDENTIFIER = com.pl.volli.WorldOfPaybackTests;
				PRODUCT_NAME = "$(TARGET_NAME)";
				SWIFT_EMIT_LOC_STRINGS = NO;
				SWIFT_VERSION = 5.0;
				TARGETED_DEVICE_FAMILY = "1,2";
				TEST_HOST = "$(BUILT_PRODUCTS_DIR)/WorldOfPayback.app/$(BUNDLE_EXECUTABLE_FOLDER_PATH)/WorldOfPayback";
			};
			name = Release;
		};
/* End XCBuildConfiguration section */

/* Begin XCConfigurationList section */
		63371BFF2A12147B000CA117 /* Build configuration list for PBXProject "WorldOfPayback" */ = {
			isa = XCConfigurationList;
			buildConfigurations = (
				63371C102A12147C000CA117 /* Debug */,
				63371C112A12147C000CA117 /* Release */,
			);
			defaultConfigurationIsVisible = 0;
			defaultConfigurationName = Release;
		};
		63371C122A12147C000CA117 /* Build configuration list for PBXNativeTarget "WorldOfPayback" */ = {
			isa = XCConfigurationList;
			buildConfigurations = (
				63371C132A12147C000CA117 /* Debug */,
				63371C142A12147C000CA117 /* Release */,
			);
			defaultConfigurationIsVisible = 0;
			defaultConfigurationName = Release;
		};
		63371C272A121EFC000CA117 /* Build configuration list for PBXNativeTarget "WorldOfPaybackTests" */ = {
			isa = XCConfigurationList;
			buildConfigurations = (
				63371C282A121EFC000CA117 /* Debug */,
				63371C292A121EFC000CA117 /* Release */,
			);
			defaultConfigurationIsVisible = 0;
			defaultConfigurationName = Release;
		};
/* End XCConfigurationList section */

/* Begin XCRemoteSwiftPackageReference section */
		63371C2A2A121FB0000CA117 /* XCRemoteSwiftPackageReference "Nimble" */ = {
			isa = XCRemoteSwiftPackageReference;
			repositoryURL = "https://github.com/Quick/Nimble.git";
			requirement = {
				kind = upToNextMajorVersion;
				minimumVersion = 12.0.0;
			};
		};
/* End XCRemoteSwiftPackageReference section */

/* Begin XCSwiftPackageProductDependency section */
		63371C2B2A121FB0000CA117 /* Nimble */ = {
			isa = XCSwiftPackageProductDependency;
			package = 63371C2A2A121FB0000CA117 /* XCRemoteSwiftPackageReference "Nimble" */;
			productName = Nimble;
		};
/* End XCSwiftPackageProductDependency section */
	};
	rootObject = 63371BFC2A12147B000CA117 /* Project object */;
}
